
Microsoft Visual Studio Solution File, Format Version 12.00
# Visual Studio Version 16
VisualStudioVersion = 16.0.30804.86
MinimumVisualStudioVersion = 10.0.40219.1
Project("{F184B08F-C81C-45F6-A57F-5ABD9991F28F}") = "Ejercicio_Bucle_Do_While_18_01_2021", "Ejercicio_Bucle_Do_While_18_01_2021\Ejercicio_Bucle_Do_While_18_01_2021.vbproj", "{D101AB05-7FA6-44C5-BDB6-69D35BC6EA50}"
EndProject
Global
	GlobalSection(SolutionConfigurationPlatforms) = preSolution
		Debug|Any CPU = Debug|Any CPU
		Release|Any CPU = Release|Any CPU
	EndGlobalSection
	GlobalSection(ProjectConfigurationPlatforms) = postSolution
		{D101AB05-7FA6-44C5-BDB6-69D35BC6EA50}.Debug|Any CPU.ActiveCfg = Debug|Any CPU
		{D101AB05-7FA6-44C5-BDB6-69D35BC6EA50}.Debug|Any CPU.Build.0 = Debug|Any CPU
		{D101AB05-7FA6-44C5-BDB6-69D35BC6EA50}.Release|Any CPU.ActiveCfg = Release|Any CPU
		{D101AB05-7FA6-44C5-BDB6-69D35BC6EA50}.Release|Any CPU.Build.0 = Release|Any CPU
	EndGlobalSection
	GlobalSection(SolutionProperties) = preSolution
		HideSolutionNode = FALSE
	EndGlobalSection
	GlobalSection(ExtensibilityGlobals) = postSolution
		SolutionGuid = {7EE88209-F7BD-4F3B-86C3-E39C2E4C0E12}
	EndGlobalSection
EndGlobal
